
Microsoft Visual Studio Solution File, Format Version 12.00
# Visual Studio Version 17
VisualStudioVersion = 17.5.002.0
MinimumVisualStudioVersion = 10.0.40219.1
Project("{9A19103F-16F7-4668-BE54-9A1E7A4F7556}") = "27_RemoveElement", "27_RemoveElement.csproj", "{4DC23864-E582-4273-889D-2F990FE8B92C}"
EndProject
Global
	GlobalSection(SolutionConfigurationPlatforms) = preSolution
		Debug|Any CPU = Debug|Any CPU
		Release|Any CPU = Release|Any CPU
	EndGlobalSection
	GlobalSection(ProjectConfigurationPlatforms) = postSolution
		{4DC23864-E582-4273-889D-2F990FE8B92C}.Debug|Any CPU.ActiveCfg = Debug|Any CPU
		{4DC23864-E582-4273-889D-2F990FE8B92C}.Debug|Any CPU.Build.0 = Debug|Any CPU
		{4DC23864-E582-4273-889D-2F990FE8B92C}.Release|Any CPU.ActiveCfg = Release|Any CPU
		{4DC23864-E582-4273-889D-2F990FE8B92C}.Release|Any CPU.Build.0 = Release|Any CPU
	EndGlobalSection
	GlobalSection(SolutionProperties) = preSolution
		HideSolutionNode = FALSE
	EndGlobalSection
	GlobalSection(ExtensibilityGlobals) = postSolution
		SolutionGuid = {8FAB9A25-E8C0-4DE4-BACD-75BE418D1418}
	EndGlobalSection
EndGlobal
